{
  "requires": true,
  "lockfileVersion": 1,
  "dependencies": {
    "uni-hold-tabbar": {
      "version": "1.0.0",
      "resolved": "https://registry.npmjs.org/uni-hold-tabbar/-/uni-hold-tabbar-1.0.0.tgz",
      "integrity": "sha512-y2aeK5x5+znct18UiD8/LHX3F6ilOPHWRuJgA72+FbEmrzKE4otXRqiRZDqhifo0Zq4mby/wIRzKyiEyOCq5iQ=="
    }
  }
}
